
Microsoft Visual Studio Solution File, Format Version 12.00
# Visual Studio Version 16
VisualStudioVersion = 16.0.29709.97
MinimumVisualStudioVersion = 10.0.40219.1
Project("{FAE04EC0-301F-11D3-BF4B-00C04F79EFBC}") = "RestApiSample", "RestApiSample\RestApiSample.csproj", "{84D17CFA-4FAC-4468-BAFD-9359503A752A}"
EndProject
Global
	GlobalSection(SolutionConfigurationPlatforms) = preSolution
		Debug|Any CPU = Debug|Any CPU
		Release|Any CPU = Release|Any CPU
	EndGlobalSection
	GlobalSection(ProjectConfigurationPlatforms) = postSolution
		{84D17CFA-4FAC-4468-BAFD-9359503A752A}.Debug|Any CPU.ActiveCfg = Debug|Any CPU
		{84D17CFA-4FAC-4468-BAFD-9359503A752A}.Debug|Any CPU.Build.0 = Debug|Any CPU
		{84D17CFA-4FAC-4468-BAFD-9359503A752A}.Release|Any CPU.ActiveCfg = Release|Any CPU
		{84D17CFA-4FAC-4468-BAFD-9359503A752A}.Release|Any CPU.Build.0 = Release|Any CPU
	EndGlobalSection
	GlobalSection(SolutionProperties) = preSolution
		HideSolutionNode = FALSE
	EndGlobalSection
	GlobalSection(ExtensibilityGlobals) = postSolution
		SolutionGuid = {F54286BD-AC87-409A-8D02-EE70CE922894}
	EndGlobalSection
EndGlobal
